
Microsoft Visual Studio Solution File, Format Version 12.00
# Visual Studio Version 16
VisualStudioVersion = 16.0.30413.136
MinimumVisualStudioVersion = 10.0.40219.1
Project("{FAE04EC0-301F-11D3-BF4B-00C04F79EFBC}") = "P01", "P01\P01.csproj", "{59045551-2520-4B03-AEA8-906D5273AB7E}"
EndProject
Project("{FAE04EC0-301F-11D3-BF4B-00C04F79EFBC}") = "P02", "P02\P02.csproj", "{C447DEF4-A25E-4F44-BA49-423A4B898DDD}"
EndProject
Project("{FAE04EC0-301F-11D3-BF4B-00C04F79EFBC}") = "P03", "P03\P03.csproj", "{CF907205-3B63-48E6-AFD1-2C517344594D}"
EndProject
Project("{FAE04EC0-301F-11D3-BF4B-00C04F79EFBC}") = "P04", "P04\P04.csproj", "{99F124FC-FE16-4F4C-8C20-C8AB06A3AD0E}"
EndProject
Global
	GlobalSection(SolutionConfigurationPlatforms) = preSolution
		Debug|Any CPU = Debug|Any CPU
		Release|Any CPU = Release|Any CPU
	EndGlobalSection
	GlobalSection(ProjectConfigurationPlatforms) = postSolution
		{59045551-2520-4B03-AEA8-906D5273AB7E}.Debug|Any CPU.ActiveCfg = Debug|Any CPU
		{59045551-2520-4B03-AEA8-906D5273AB7E}.Debug|Any CPU.Build.0 = Debug|Any CPU
		{59045551-2520-4B03-AEA8-906D5273AB7E}.Release|Any CPU.ActiveCfg = Release|Any CPU
		{59045551-2520-4B03-AEA8-906D5273AB7E}.Release|Any CPU.Build.0 = Release|Any CPU
		{C447DEF4-A25E-4F44-BA49-423A4B898DDD}.Debug|Any CPU.ActiveCfg = Debug|Any CPU
		{C447DEF4-A25E-4F44-BA49-423A4B898DDD}.Debug|Any CPU.Build.0 = Debug|Any CPU
		{C447DEF4-A25E-4F44-BA49-423A4B898DDD}.Release|Any CPU.ActiveCfg = Release|Any CPU
		{C447DEF4-A25E-4F44-BA49-423A4B898DDD}.Release|Any CPU.Build.0 = Release|Any CPU
		{CF907205-3B63-48E6-AFD1-2C517344594D}.Debug|Any CPU.ActiveCfg = Debug|Any CPU
		{CF907205-3B63-48E6-AFD1-2C517344594D}.Debug|Any CPU.Build.0 = Debug|Any CPU
		{CF907205-3B63-48E6-AFD1-2C517344594D}.Release|Any CPU.ActiveCfg = Release|Any CPU
		{CF907205-3B63-48E6-AFD1-2C517344594D}.Release|Any CPU.Build.0 = Release|Any CPU
		{99F124FC-FE16-4F4C-8C20-C8AB06A3AD0E}.Debug|Any CPU.ActiveCfg = Debug|Any CPU
		{99F124FC-FE16-4F4C-8C20-C8AB06A3AD0E}.Debug|Any CPU.Build.0 = Debug|Any CPU
		{99F124FC-FE16-4F4C-8C20-C8AB06A3AD0E}.Release|Any CPU.ActiveCfg = Release|Any CPU
		{99F124FC-FE16-4F4C-8C20-C8AB06A3AD0E}.Release|Any CPU.Build.0 = Release|Any CPU
	EndGlobalSection
	GlobalSection(SolutionProperties) = preSolution
		HideSolutionNode = FALSE
	EndGlobalSection
	GlobalSection(ExtensibilityGlobals) = postSolution
		SolutionGuid = {44D6D015-2272-4EB0-B80C-3B59A413B8D4}
	EndGlobalSection
EndGlobal
